# THIS IS AN AUTOGENERATED FILE. DO NOT EDIT THIS FILE DIRECTLY.
# yarn lockfile v1


bintrees@1.0.2:
  version "1.0.2"
  resolved "https://registry.yarnpkg.com/bintrees/-/bintrees-1.0.2.tgz#49f896d6e858a4a499df85c38fb399b9aff840f8"
  integrity sha512-VOMgTMwjAaUG580SXn3LacVgjurrbMme7ZZNYGSSV7mmtY6QQRh0Eg3pwIcntQ77DErK1L0NxkbetjcoXzVwKw==

ee-first@1.1.1:
  version "1.1.1"
  resolved "https://registry.yarnpkg.com/ee-first/-/ee-first-1.1.1.tgz#590c61156b0ae2f4f0255732a158b266bc56b21d"
  integrity sha512-WMwm9LhRUo+WUaRN+vRuETqG89IgZphVSNkdFgeb6sS/E4OrDIN7t48CAewSHXc6C8lefD8KKfr5vY61brQlow==

express-prom-bundle@^6.5.0:
  version "6.5.0"
  resolved "https://registry.yarnpkg.com/express-prom-bundle/-/express-prom-bundle-6.5.0.tgz#cdf28b29907618cae933ed14d5b727f7404e810b"
  integrity sha512-paFAm0FK7TV1Ln6Blh9edDt2mJ4Pk6Py/fjhZDMcoMHENYryBjCpnXDXuCu8NE1kkvp58IrPcAAkNeNqdvZnnw==
  dependencies:
    on-finished "^2.3.0"
    url-value-parser "^2.0.0"

on-finished@^2.3.0:
  version "2.4.1"
  resolved "https://registry.yarnpkg.com/on-finished/-/on-finished-2.4.1.tgz#58c8c44116e54845ad57f14ab10b03533184ac3f"
  integrity sha512-oVlzkg3ENAhCk2zdv7IJwd/QUD4z2RxRwpkcGY8psCVcCYZNq4wYnVWALHM+brtuJjePWiYF/ClmuDr8Ch5+kg==
  dependencies:
    ee-first "1.1.1"

prom-client@^14.1.0:
  version "14.1.0"
  resolved "https://registry.yarnpkg.com/prom-client/-/prom-client-14.1.0.tgz#049609859483d900844924df740722c76ed1fdbb"
  integrity sha512-iFWCchQmi4170omLpFXbzz62SQTmPhtBL35v0qGEVRHKcqIeiexaoYeP0vfZTujxEq3tA87iqOdRbC9svS1B9A==
  dependencies:
    tdigest "^0.1.1"

tdigest@^0.1.1:
  version "0.1.2"
  resolved "https://registry.yarnpkg.com/tdigest/-/tdigest-0.1.2.tgz#96c64bac4ff10746b910b0e23b515794e12faced"
  integrity sha512-+G0LLgjjo9BZX2MfdvPfH+MKLCrxlXSYec5DaPYP1fe6Iyhf0/fSmJ0bFiZ1F8BT6cGXl2LpltQptzjXKWEkKA==
  dependencies:
    bintrees "1.0.2"

url-value-parser@^2.0.0:
  version "2.2.0"
  resolved "https://registry.yarnpkg.com/url-value-parser/-/url-value-parser-2.2.0.tgz#f38ae8cd24604ec69bc219d66929ddbbd93a2b32"
  integrity sha512-yIQdxJpgkPamPPAPuGdS7Q548rLhny42tg8d4vyTNzFqvOnwqrgHXvgehT09U7fwrzxi3RxCiXjoNUNnNOlQ8A==
